// !$*UTF8*$!
{
	archiveVersion = 1;
	classes = {
	};
	objectVersion = 50;
	objects = {

/* Begin PBXBuildFile section */
		18168ED724F137F70039717D /* Extension.swift in Sources */ = {isa = PBXBuildFile; fileRef = 18168ED624F137F70039717D /* Extension.swift */; };
		1833FD3824EF94F200DA6595 /* AppDelegate.swift in Sources */ = {isa = PBXBuildFile; fileRef = 1833FD3724EF94F200DA6595 /* AppDelegate.swift */; };
		1833FD3A24EF94F200DA6595 /* SceneDelegate.swift in Sources */ = {isa = PBXBuildFile; fileRef = 1833FD3924EF94F200DA6595 /* SceneDelegate.swift */; };
		1833FD3C24EF94F200DA6595 /* ViewController.swift in Sources */ = {isa = PBXBuildFile; fileRef = 1833FD3B24EF94F200DA6595 /* ViewController.swift */; };
		1833FD3F24EF94F200DA6595 /* Main.storyboard in Resources */ = {isa = PBXBuildFile; fileRef = 1833FD3D24EF94F200DA6595 /* Main.storyboard */; };
		1833FD4124EF94F300DA6595 /* Assets.xcassets in Resources */ = {isa = PBXBuildFile; fileRef = 1833FD4024EF94F300DA6595 /* Assets.xcassets */; };
		1833FD4424EF94F300DA6595 /* LaunchScreen.storyboard in Resources */ = {isa = PBXBuildFile; fileRef = 1833FD4224EF94F300DA6595 /* LaunchScreen.storyboard */; };
/* End PBXBuildFile section */

/* Begin PBXFileReference section */
		18168ED624F137F70039717D /* Extension.swift */ = {isa = PBXFileReference; lastKnownFileType = sourcecode.swift; path = Extension.swift; sourceTree = "<group>"; };
		1833FD3424EF94F200DA6595 /* IntToString.app */ = {isa = PBXFileReference; explicitFileType = wrapper.application; includeInIndex = 0; path = IntToString.app; sourceTree = BUILT_PRODUCTS_DIR; };
		1833FD3724EF94F200DA6595 /* AppDelegate.swift */ = {isa = PBXFileReference; lastKnownFileType = sourcecode.swift; path = AppDelegate.swift; sourceTree = "<group>"; };
		1833FD3924EF94F200DA6595 /* SceneDelegate.swift */ = {isa = PBXFileReference; lastKnownFileType = sourcecode.swift; path = SceneDelegate.swift; sourceTree = "<group>"; };
		1833FD3B24EF94F200DA6595 /* ViewController.swift */ = {isa = PBXFileReference; lastKnownFileType = sourcecode.swift; path = ViewController.swift; sourceTree = "<group>"; };
		1833FD3E24EF94F200DA6595 /* Base */ = {isa = PBXFileReference; lastKnownFileType = file.storyboard; name = Base; path = Base.lproj/Main.storyboard; sourceTree = "<group>"; };
		1833FD4024EF94F300DA6595 /* Assets.xcassets */ = {isa = PBXFileReference; lastKnownFileType = folder.assetcatalog; path = Assets.xcassets; sourceTree = "<group>"; };
		1833FD4324EF94F300DA6595 /* Base */ = {isa = PBXFileReference; lastKnownFileType = file.storyboard; name = Base; path = Base.lproj/LaunchScreen.storyboard; sourceTree = "<group>"; };
		1833FD4524EF94F300DA6595 /* Info.plist */ = {isa = PBXFileReference; lastKnownFileType = text.plist.xml; path = Info.plist; sourceTree = "<group>"; };
/* End PBXFileReference section */

/* Begin PBXFrameworksBuildPhase section */
		1833FD3124EF94F100DA6595 /* Frameworks */ = {
			isa = PBXFrameworksBuildPhase;
			buildActionMask = 2147483647;
			files = (
			);
			runOnlyForDeploymentPostprocessing = 0;
		};
/* End PBXFrameworksBuildPhase section */

/* Begin PBXGroup section */
		18168ED824F137FD0039717D /* Extensions */ = {
			isa = PBXGroup;
			children = (
				18168ED624F137F70039717D /* Extension.swift */,
			);
			name = Extensions;
			sourceTree = "<group>";
		};
		18168ED924F1380E0039717D /* Controller */ = {
			isa = PBXGroup;
			children = (
				1833FD3B24EF94F200DA6595 /* ViewController.swift */,
			);
			name = Controller;
			sourceTree = "<group>";
		};
		18168EDA24F1381D0039717D /* View */ = {
			isa = PBXGroup;
			children = (
				1833FD3D24EF94F200DA6595 /* Main.storyboard */,
			);
			name = View;
			sourceTree = "<group>";
		};
		1833FD2B24EF94F100DA6595 = {
			isa = PBXGroup;
			children = (
				1833FD3624EF94F200DA6595 /* IntToString */,
				1833FD3524EF94F200DA6595 /* Products */,
			);
			sourceTree = "<group>";
		};
		1833FD3524EF94F200DA6595 /* Products */ = {
			isa = PBXGroup;
			children = (
				1833FD3424EF94F200DA6595 /* IntToString.app */,
			);
			name = Products;
			sourceTree = "<group>";
		};
		1833FD3624EF94F200DA6595 /* IntToString */ = {
			isa = PBXGroup;
			children = (
				18168EDA24F1381D0039717D /* View */,
				18168ED924F1380E0039717D /* Controller */,
				18168ED824F137FD0039717D /* Extensions */,
				1833FD3724EF94F200DA6595 /* AppDelegate.swift */,
				1833FD3924EF94F200DA6595 /* SceneDelegate.swift */,
				1833FD4024EF94F300DA6595 /* Assets.xcassets */,
				1833FD4224EF94F300DA6595 /* LaunchScreen.storyboard */,
				1833FD4524EF94F300DA6595 /* Info.plist */,
			);
			path = IntToString;
			sourceTree = "<group>";
		};
/* End PBXGroup section */

/* Begin PBXNativeTarget section */
		1833FD3324EF94F100DA6595 /* IntToString */ = {
			isa = PBXNativeTarget;
			buildConfigurationList = 1833FD4824EF94F300DA6595 /* Build configuration list for PBXNativeTarget "IntToString" */;
			buildPhases = (
				1833FD3024EF94F100DA6595 /* Sources */,
				1833FD3124EF94F100DA6595 /* Frameworks */,
				1833FD3224EF94F100DA6595 /* Resources */,
			);
			buildRules = (
			);
			dependencies = (
			);
			name = IntToString;
			productName = IntToString;
			productReference = 1833FD3424EF94F200DA6595 /* IntToString.app */;
			productType = "com.apple.product-type.application";
		};
/* End PBXNativeTarget section */

/* Begin PBXProject section */
		1833FD2C24EF94F100DA6595 /* Project object */ = {
			isa = PBXProject;
			attributes = {
				LastSwiftUpdateCheck = 1130;
				LastUpgradeCheck = 1130;
				ORGANIZATIONNAME = Apple;
				TargetAttributes = {
					1833FD3324EF94F100DA6595 = {
						CreatedOnToolsVersion = 11.3.1;
					};
				};
			};
			buildConfigurationList = 1833FD2F24EF94F100DA6595 /* Build configuration list for PBXProject "IntToString" */;
			compatibilityVersion = "Xcode 9.3";
			developmentRegion = en;
			hasScannedForEncodings = 0;
			knownRegions = (
				en,
				Base,
			);
			mainGroup = 1833FD2B24EF94F100DA6595;
			productRefGroup = 1833FD3524EF94F200DA6595 /* Products */;
			projectDirPath = "";
			projectRoot = "";
			targets = (
				1833FD3324EF94F100DA6595 /* IntToString */,
			);
		};
/* End PBXProject section */

/* Begin PBXResourcesBuildPhase section */
		1833FD3224EF94F100DA6595 /* Resources */ = {
			isa = PBXResourcesBuildPhase;
			buildActionMask = 2147483647;
			files = (
				1833FD4424EF94F300DA6595 /* LaunchScreen.storyboard in Resources */,
				1833FD4124EF94F300DA6595 /* Assets.xcassets in Resources */,
				1833FD3F24EF94F200DA6595 /* Main.storyboard in Resources */,
			);
			runOnlyForDeploymentPostprocessing = 0;
		};
/* End PBXResourcesBuildPhase section */

/* Begin PBXSourcesBuildPhase section */
		1833FD3024EF94F100DA6595 /* Sources */ = {
			isa = PBXSourcesBuildPhase;
			buildActionMask = 2147483647;
			files = (
				1833FD3C24EF94F200DA6595 /* ViewController.swift in Sources */,
				1833FD3824EF94F200DA6595 /* AppDelegate.swift in Sources */,
				1833FD3A24EF94F200DA6595 /* SceneDelegate.swift in Sources */,
				18168ED724F137F70039717D /* Extension.swift in Sources */,
			);
			runOnlyForDeploymentPostprocessing = 0;
		};
/* End PBXSourcesBuildPhase section */

/* Begin PBXVariantGroup section */
		1833FD3D24EF94F200DA6595 /* Main.storyboard */ = {
			isa = PBXVariantGroup;
			children = (
				1833FD3E24EF94F200DA6595 /* Base */,
			);
			name = Main.storyboard;
			sourceTree = "<group>";
		};
		1833FD4224EF94F300DA6595 /* LaunchScreen.storyboard */ = {
			isa = PBXVariantGroup;
			children = (
				1833FD4324EF94F300DA6595 /* Base */,
			);
			name = LaunchScreen.storyboard;
			sourceTree = "<group>";
		};
/* End PBXVariantGroup section */

/* Begin XCBuildConfiguration section */
		1833FD4624EF94F300DA6595 /* Debug */ = {
			isa = XCBuildConfiguration;
			buildSettings = {
				ALWAYS_SEARCH_USER_PATHS = NO;
				CLANG_ANALYZER_NONNULL = YES;
				CLANG_ANALYZER_NUMBER_OBJECT_CONVERSION = YES_AGGRESSIVE;
				CLANG_CXX_LANGUAGE_STANDARD = "gnu++14";
				CLANG_CXX_LIBRARY = "libc++";
				CLANG_ENABLE_MODULES = YES;
				CLANG_ENABLE_OBJC_ARC = YES;
				CLANG_ENABLE_OBJC_WEAK = YES;
				CLANG_WARN_BLOCK_CAPTURE_AUTORELEASING = YES;
				CLANG_WARN_BOOL_CONVERSION = YES;
				CLANG_WARN_COMMA = YES;
				CLANG_WARN_CONSTANT_CONVERSION = YES;
				CLANG_WARN_DEPRECATED_OBJC_IMPLEMENTATIONS = YES;
				CLANG_WARN_DIRECT_OBJC_ISA_USAGE = YES_ERROR;
				CLANG_WARN_DOCUMENTATION_COMMENTS = YES;
				CLANG_WARN_EMPTY_BODY = YES;
				CLANG_WARN_ENUM_CONVERSION = YES;
				CLANG_WARN_INFINITE_RECURSION = YES;
				CLANG_WARN_INT_CONVERSION = YES;
				CLANG_WARN_NON_LITERAL_NULL_CONVERSION = YES;
				CLANG_WARN_OBJC_IMPLICIT_RETAIN_SELF = YES;
				CLANG_WARN_OBJC_LITERAL_CONVERSION = YES;
				CLANG_WARN_OBJC_ROOT_CLASS = YES_ERROR;
				CLANG_WARN_RANGE_LOOP_ANALYSIS = YES;
				CLANG_WARN_STRICT_PROTOTYPES = YES;
				CLANG_WARN_SUSPICIOUS_MOVE = YES;
				CLANG_WARN_UNGUARDED_AVAILABILITY = YES_AGGRESSIVE;
				CLANG_WARN_UNREACHABLE_CODE = YES;
				CLANG_WARN__DUPLICATE_METHOD_MATCH = YES;
				COPY_PHASE_STRIP = NO;
				DEBUG_INFORMATION_FORMAT = dwarf;
				ENABLE_STRICT_OBJC_MSGSEND = YES;
				ENABLE_TESTABILITY = YES;
				GCC_C_LANGUAGE_STANDARD = gnu11;
				GCC_DYNAMIC_NO_PIC = NO;
				GCC_NO_COMMON_BLOCKS = YES;
				GCC_OPTIMIZATION_LEVEL = 0;
				GCC_PREPROCESSOR_DEFINITIONS = (
					"DEBUG=1",
					"$(inherited)",
				);
				GCC_WARN_64_TO_32_BIT_CONVERSION = YES;
				GCC_WARN_ABOUT_RETURN_TYPE = YES_ERROR;
				GCC_WARN_UNDECLARED_SELECTOR = YES;
				GCC_WARN_UNINITIALIZED_AUTOS = YES_AGGRESSIVE;
				GCC_WARN_UNUSED_FUNCTION = YES;
				GCC_WARN_UNUSED_VARIABLE = YES;
				IPHONEOS_DEPLOYMENT_TARGET = 13.2;
				MTL_ENABLE_DEBUG_INFO = INCLUDE_SOURCE;
				MTL_FAST_MATH = YES;
				ONLY_ACTIVE_ARCH = YES;
				SDKROOT = iphoneos;
				SWIFT_ACTIVE_COMPILATION_CONDITIONS = DEBUG;
				SWIFT_OPTIMIZATION_LEVEL = "-Onone";
			};
			name = Debug;
		};
		1833FD4724EF94F300DA6595 /* Release */ = {
			isa = XCBuildConfiguration;
			buildSettings = {
				ALWAYS_SEARCH_USER_PATHS = NO;
				CLANG_ANALYZER_NONNULL = YES;
				CLANG_ANALYZER_NUMBER_OBJECT_CONVERSION = YES_AGGRESSIVE;
				CLANG_CXX_LANGUAGE_STANDARD = "gnu++14";
				CLANG_CXX_LIBRARY = "libc++";
				CLANG_ENABLE_MODULES = YES;
				CLANG_ENABLE_OBJC_ARC = YES;
				CLANG_ENABLE_OBJC_WEAK = YES;
				CLANG_WARN_BLOCK_CAPTURE_AUTORELEASING = YES;
				CLANG_WARN_BOOL_CONVERSION = YES;
				CLANG_WARN_COMMA = YES;
				CLANG_WARN_CONSTANT_CONVERSION = YES;
				CLANG_WARN_DEPRECATED_OBJC_IMPLEMENTATIONS = YES;
				CLANG_WARN_DIRECT_OBJC_ISA_USAGE = YES_ERROR;
				CLANG_WARN_DOCUMENTATION_COMMENTS = YES;
				CLANG_WARN_EMPTY_BODY = YES;
				CLANG_WARN_ENUM_CONVERSION = YES;
				CLANG_WARN_INFINITE_RECURSION = YES;
				CLANG_WARN_INT_CONVERSION = YES;
				CLANG_WARN_NON_LITERAL_NULL_CONVERSION = YES;
				CLANG_WARN_OBJC_IMPLICIT_RETAIN_SELF = YES;
				CLANG_WARN_OBJC_LITERAL_CONVERSION = YES;
				CLANG_WARN_OBJC_ROOT_CLASS = YES_ERROR;
				CLANG_WARN_RANGE_LOOP_ANALYSIS = YES;
				CLANG_WARN_STRICT_PROTOTYPES = YES;
				CLANG_WARN_SUSPICIOUS_MOVE = YES;
				CLANG_WARN_UNGUARDED_AVAILABILITY = YES_AGGRESSIVE;
				CLANG_WARN_UNREACHABLE_CODE = YES;
				CLANG_WARN__DUPLICATE_METHOD_MATCH = YES;
				COPY_PHASE_STRIP = NO;
				DEBUG_INFORMATION_FORMAT = "dwarf-with-dsym";
				ENABLE_NS_ASSERTIONS = NO;
				ENABLE_STRICT_OBJC_MSGSEND = YES;
				GCC_C_LANGUAGE_STANDARD = gnu11;
				GCC_NO_COMMON_BLOCKS = YES;
				GCC_WARN_64_TO_32_BIT_CONVERSION = YES;
				GCC_WARN_ABOUT_RETURN_TYPE = YES_ERROR;
				GCC_WARN_UNDECLARED_SELECTOR = YES;
				GCC_WARN_UNINITIALIZED_AUTOS = YES_AGGRESSIVE;
				GCC_WARN_UNUSED_FUNCTION = YES;
				GCC_WARN_UNUSED_VARIABLE = YES;
				IPHONEOS_DEPLOYMENT_TARGET = 13.2;
				MTL_ENABLE_DEBUG_INFO = NO;
				MTL_FAST_MATH = YES;
				SDKROOT = iphoneos;
				SWIFT_COMPILATION_MODE = wholemodule;
				SWIFT_OPTIMIZATION_LEVEL = "-O";
				VALIDATE_PRODUCT = YES;
			};
			name = Release;
		};
		1833FD4924EF94F300DA6595 /* Debug */ = {
			isa = XCBuildConfiguration;
			buildSettings = {
				ASSETCATALOG_COMPILER_APPICON_NAME = AppIcon;
				CODE_SIGN_STYLE = Automatic;
				DEVELOPMENT_TEAM = MU75RW4Y43;
				INFOPLIST_FILE = IntToString/Info.plist;
				LD_RUNPATH_SEARCH_PATHS = (
					"$(inherited)",
					"@executable_path/Frameworks",
				);
				PRODUCT_BUNDLE_IDENTIFIER = Vineet.IntToString;
				PRODUCT_NAME = "$(TARGET_NAME)";
				SWIFT_VERSION = 5.0;
				TARGETED_DEVICE_FAMILY = "1,2";
			};
			name = Debug;
		};
		1833FD4A24EF94F300DA6595 /* Release */ = {
			isa = XCBuildConfiguration;
			buildSettings = {
				ASSETCATALOG_COMPILER_APPICON_NAME = AppIcon;
				CODE_SIGN_STYLE = Automatic;
				DEVELOPMENT_TEAM = MU75RW4Y43;
				INFOPLIST_FILE = IntToString/Info.plist;
				LD_RUNPATH_SEARCH_PATHS = (
					"$(inherited)",
					"@executable_path/Frameworks",
				);
				PRODUCT_BUNDLE_IDENTIFIER = Vineet.IntToString;
				PRODUCT_NAME = "$(TARGET_NAME)";
				SWIFT_VERSION = 5.0;
				TARGETED_DEVICE_FAMILY = "1,2";
			};
			name = Release;
		};
/* End XCBuildConfiguration section */

/* Begin XCConfigurationList section */
		1833FD2F24EF94F100DA6595 /* Build configuration list for PBXProject "IntToString" */ = {
			isa = XCConfigurationList;
			buildConfigurations = (
				1833FD4624EF94F300DA6595 /* Debug */,
				1833FD4724EF94F300DA6595 /* Release */,
			);
			defaultConfigurationIsVisible = 0;
			defaultConfigurationName = Release;
		};
		1833FD4824EF94F300DA6595 /* Build configuration list for PBXNativeTarget "IntToString" */ = {
			isa = XCConfigurationList;
			buildConfigurations = (
				1833FD4924EF94F300DA6595 /* Debug */,
				1833FD4A24EF94F300DA6595 /* Release */,
			);
			defaultConfigurationIsVisible = 0;
			defaultConfigurationName = Release;
		};
/* End XCConfigurationList section */
	};
	rootObject = 1833FD2C24EF94F100DA6595 /* Project object */;
}
